PODS:
  - AMap2DMap (5.6.1):
    - AMapFoundation (~> 1.4)
  - AMapFoundation (1.6.3)
  - AMapLocation (2.6.5):
    - AMapFoundation (~> 1.6.3)
  - AMapSearch (7.3.0):
    - AMapFoundation (~> 1.6.3)
  - Flutter (1.0.0)
  - flutter_2d_amap (0.0.1):
    - AMap2DMap
    - AMapLocation
    - AMapSearch
    - Flutter

DEPENDENCIES:
  - Flutter (from `Flutter`)
  - flutter_2d_amap (from `.symlinks/plugins/flutter_2d_amap/ios`)

SPEC REPOS:
  https://github.com/CocoaPods/Specs.git:
    - AMap2DMap
    - AMapFoundation
    - AMapLocation
    - AMapSearch

EXTERNAL SOURCES:
  Flutter:
    :path: Flutter
  flutter_2d_amap:
    :path: ".symlinks/plugins/flutter_2d_amap/ios"

SPEC CHECKSUMS:
  AMap2DMap: cac76bc057de18a1641f34df6b50bf5bc6b23571
  AMapFoundation: 9ed923193b357ebb30a073e9fe255d3c24054d5a
  AMapLocation: c566d448285cd502c1e313063d9e2460bd4d7100
  AMapSearch: a048bcca3bf0b8083345070e1f193f814bd8dc01
  Flutter: 0e3d915762c693b495b44d77113d4970485de6ec
  flutter_2d_amap: c17f503c128646126c12f394cee379930a058796

PODFILE CHECKSUM: 8685ee79ad9489b94b9f1ac3974f4638bb57b02e

COCOAPODS: 1.9.1
